{
  "lockfileVersion": 2,
  "configVersion": 1,
  "workspaces": {
    "": {
      "name": "parasocial",
      "devDependencies": {
        "@types/bun": "latest",
        "typescript": "^5.9.0",
      },
    },
    "packages/api": {
      "name": "@parasocial/api",
      "version": "0.0.0",
      "dependencies": {
        "@parasocial/kernel": "workspace:*",
        "@parasocial/naming": "workspace:*",
      },
    },
    "packages/kernel": {
      "name": "@parasocial/kernel",
      "version": "0.0.0",
      "dependencies": {
        "replicad-opencascadejs": "1.1.0",
      },
    },
    "packages/naming": {
      "name": "@parasocial/naming",
      "version": "0.0.0",
      "dependencies": {
        "@parasocial/kernel": "workspace:*",
      },
    },
    "packages/runtime": {
      "name": "@parasocial/runtime",
      "version": "0.0.0",
      "dependencies": {
        "@parasocial/api": "workspace:*",
        "@parasocial/kernel": "workspace:*",
        "@parasocial/naming": "workspace:*",
      },
    },
    "tests": {
      "name": "@parasocial/tests",
      "dependencies": {
        "@parasocial/api": "workspace:*",
        "@parasocial/kernel": "workspace:*",
        "@parasocial/naming": "workspace:*",
        "@parasocial/runtime": "workspace:*",
      },
    },
  },
  "packages": {
    "@parasocial/api": ["@parasocial/api@workspace:packages/api"],

    "@parasocial/kernel": ["@parasocial/kernel@workspace:packages/kernel"],

    "@parasocial/naming": ["@parasocial/naming@workspace:packages/naming"],

    "@parasocial/runtime": ["@parasocial/runtime@workspace:packages/runtime"],

    "@parasocial/tests": ["@parasocial/tests@workspace:tests"],

    "@types/bun": ["@types/bun@1.4.2", "", { "dependencies": { "bun-types": "1.4.2" } }, "sha512-GimotNn7+ZV0uVArItBbriZsR1oNf0+WTzPkdcFrzShI7k2norL0uzEaJT8T33dWr7O/c9ZDuAFQrctKCi72oQ=="],

    "@types/node": ["@types/node@26.6.3", "", { "dependencies": { "undici-types": "~8.9.0" } }, "sha512-dsqMQQoeTLqu9wynDD00q573mNzso3IdQOAfHRJqLCcmCFPoGo9A1bDpUcv/9tnKpErQWv9uKeGfl37EIS02Yg=="],

    "bun-types": ["bun-types@1.4.2", "", { "dependencies": { "@types/node": "*" } }, "sha512-bxV1FgK7yBIzjRe5zBozIM4Bem11ZJcCXSrjWRG3YWLt8yFDePu4cLjpebO8OvPeIE9trbyPF4fuj3Cia4Fj3w=="],

    "replicad-opencascadejs": ["replicad-opencascadejs@1.1.0", "", {}, "sha512-s0KHR5V+ivsOE4nZXfuoW70lW0/rldkb3ZDY34LpXOQRFLQN5qVydQm3BRo7boZPdFkkAZBERJ+NzB0DYxrivw=="],

    "typescript": ["typescript@5.9.3", "", { "bin": { "tsc": "bin/tsc", "tsserver": "bin/tsserver" } }, "sha512-jl1vZzPDinLr9eUt3J/t7V6FgNEw9QjvBPdysz9KfQDD41fQrC2Y4vKQdiaUpFT4bXlb1RHhLpp8wtm6M5TgSw=="],

    "undici-types": ["undici-types@8.9.0", "", {}, "sha512-KTDyRTYX8sWmKXAikPHHSyc63CRPETMctyjKFupcC6OBLXT3xsN0e9aF7m+mIXutFWpUXuedtowG7iLOzp0kQg=="],
  }
}
